
Microsoft Visual Studio Solution File, Format Version 12.00
# Visual Studio Version 16
VisualStudioVersion = 16.0.30717.126
MinimumVisualStudioVersion = 10.0.40219.1
Project("{FAE04EC0-301F-11D3-BF4B-00C04F79EFBC}") = "ConsoleApp_Number_IsRepeat_IsPrime_IsPolydrome_IsPerfect", "ConsoleApp_Number_IsRepeat_IsPrime_IsPolydrome_IsPerfect\ConsoleApp_Number_IsRepeat_IsPrime_IsPolydrome_IsPerfect.csproj", "{6A9F1AD4-7A9A-4264-A9E5-191B82D81491}"
EndProject
Global
	GlobalSection(SolutionConfigurationPlatforms) = preSolution
		Debug|Any CPU = Debug|Any CPU
		Release|Any CPU = Release|Any CPU
	EndGlobalSection
	GlobalSection(ProjectConfigurationPlatforms) = postSolution
		{6A9F1AD4-7A9A-4264-A9E5-191B82D81491}.Debug|Any CPU.ActiveCfg = Debug|Any CPU
		{6A9F1AD4-7A9A-4264-A9E5-191B82D81491}.Debug|Any CPU.Build.0 = Debug|Any CPU
		{6A9F1AD4-7A9A-4264-A9E5-191B82D81491}.Release|Any CPU.ActiveCfg = Release|Any CPU
		{6A9F1AD4-7A9A-4264-A9E5-191B82D81491}.Release|Any CPU.Build.0 = Release|Any CPU
	EndGlobalSection
	GlobalSection(SolutionProperties) = preSolution
		HideSolutionNode = FALSE
	EndGlobalSection
	GlobalSection(ExtensibilityGlobals) = postSolution
		SolutionGuid = {65B12EC3-BB74-46FA-A13E-105FCECC5EDB}
	EndGlobalSection
EndGlobal
